
Microsoft Visual Studio Solution File, Format Version 12.00
# Visual Studio Version 17
VisualStudioVersion = 17.13.35617.110 d17.13
MinimumVisualStudioVersion = 10.0.40219.1
Project("{FAE04EC0-301F-11D3-BF4B-00C04F79EFBC}") = "MauiControls", "MauiControls\MauiControls.csproj", "{FBAE7CC2-E311-4CDD-B259-C04C42A97F0B}"
EndProject
Global
	GlobalSection(SolutionConfigurationPlatforms) = preSolution
		Debug|Any CPU = Debug|Any CPU
		Release|Any CPU = Release|Any CPU
	EndGlobalSection
	GlobalSection(ProjectConfigurationPlatforms) = postSolution
		{FBAE7CC2-E311-4CDD-B259-C04C42A97F0B}.Debug|Any CPU.ActiveCfg = Debug|Any CPU
		{FBAE7CC2-E311-4CDD-B259-C04C42A97F0B}.Debug|Any CPU.Build.0 = Debug|Any CPU
		{FBAE7CC2-E311-4CDD-B259-C04C42A97F0B}.Debug|Any CPU.Deploy.0 = Debug|Any CPU
		{FBAE7CC2-E311-4CDD-B259-C04C42A97F0B}.Release|Any CPU.ActiveCfg = Release|Any CPU
		{FBAE7CC2-E311-4CDD-B259-C04C42A97F0B}.Release|Any CPU.Build.0 = Release|Any CPU
		{FBAE7CC2-E311-4CDD-B259-C04C42A97F0B}.Release|Any CPU.Deploy.0 = Release|Any CPU
	EndGlobalSection
	GlobalSection(SolutionProperties) = preSolution
		HideSolutionNode = FALSE
	EndGlobalSection
	GlobalSection(ExtensibilityGlobals) = postSolution
		SolutionGuid = {B6424AAE-FC7E-48B4-93CD-E418FE7B60C7}
	EndGlobalSection
EndGlobal
